
Microsoft Visual Studio Solution File, Format Version 12.00
# Visual Studio Version 17
VisualStudioVersion = 17.0.31903.59
MinimumVisualStudioVersion = 10.0.40219.1
Project("{FAE04EC0-301F-11D3-BF4B-00C04F79EFBC}") = "GoSocialApi.WebApi", "GoSocialApi.WebApi\GoSocialApi.WebApi.csproj", "{9760B76E-9478-40A0-939B-DD7FF18E66F1}"
EndProject
Project("{FAE04EC0-301F-11D3-BF4B-00C04F79EFBC}") = "GoSocialApi.Data", "GoSocialApi.Data\GoSocialApi.Data.csproj", "{370CBE60-AD52-455B-A8A7-843AD12B0F5F}"
EndProject
Project("{FAE04EC0-301F-11D3-BF4B-00C04F79EFBC}") = "GoSocialApi.Models", "GoSocialApi.Models\GoSocialApi.Models.csproj", "{74FD7D01-EA65-46F7-9595-8024C23C0CE9}"
EndProject
Project("{FAE04EC0-301F-11D3-BF4B-00C04F79EFBC}") = "GoSocialApi.Services", "GoSocialApi.Services\GoSocialApi.Services.csproj", "{B294BD7A-1812-4C0A-9426-9BF0F7293E46}"
EndProject
Global
	GlobalSection(SolutionConfigurationPlatforms) = preSolution
		Debug|Any CPU = Debug|Any CPU
		Release|Any CPU = Release|Any CPU
	EndGlobalSection
	GlobalSection(SolutionProperties) = preSolution
		HideSolutionNode = FALSE
	EndGlobalSection
	GlobalSection(ProjectConfigurationPlatforms) = postSolution
		{9760B76E-9478-40A0-939B-DD7FF18E66F1}.Debug|Any CPU.ActiveCfg = Debug|Any CPU
		{9760B76E-9478-40A0-939B-DD7FF18E66F1}.Debug|Any CPU.Build.0 = Debug|Any CPU
		{9760B76E-9478-40A0-939B-DD7FF18E66F1}.Release|Any CPU.ActiveCfg = Release|Any CPU
		{9760B76E-9478-40A0-939B-DD7FF18E66F1}.Release|Any CPU.Build.0 = Release|Any CPU
		{370CBE60-AD52-455B-A8A7-843AD12B0F5F}.Debug|Any CPU.ActiveCfg = Debug|Any CPU
		{370CBE60-AD52-455B-A8A7-843AD12B0F5F}.Debug|Any CPU.Build.0 = Debug|Any CPU
		{370CBE60-AD52-455B-A8A7-843AD12B0F5F}.Release|Any CPU.ActiveCfg = Release|Any CPU
		{370CBE60-AD52-455B-A8A7-843AD12B0F5F}.Release|Any CPU.Build.0 = Release|Any CPU
		{74FD7D01-EA65-46F7-9595-8024C23C0CE9}.Debug|Any CPU.ActiveCfg = Debug|Any CPU
		{74FD7D01-EA65-46F7-9595-8024C23C0CE9}.Debug|Any CPU.Build.0 = Debug|Any CPU
		{74FD7D01-EA65-46F7-9595-8024C23C0CE9}.Release|Any CPU.ActiveCfg = Release|Any CPU
		{74FD7D01-EA65-46F7-9595-8024C23C0CE9}.Release|Any CPU.Build.0 = Release|Any CPU
		{B294BD7A-1812-4C0A-9426-9BF0F7293E46}.Debug|Any CPU.ActiveCfg = Debug|Any CPU
		{B294BD7A-1812-4C0A-9426-9BF0F7293E46}.Debug|Any CPU.Build.0 = Debug|Any CPU
		{B294BD7A-1812-4C0A-9426-9BF0F7293E46}.Release|Any CPU.ActiveCfg = Release|Any CPU
		{B294BD7A-1812-4C0A-9426-9BF0F7293E46}.Release|Any CPU.Build.0 = Release|Any CPU
	EndGlobalSection
EndGlobal
